
Microsoft Visual Studio Solution File, Format Version 12.00
# Visual Studio Version 16
VisualStudioVersion = 16.0.31424.327
MinimumVisualStudioVersion = 10.0.40219.1
Project("{FAE04EC0-301F-11D3-BF4B-00C04F79EFBC}") = "LocadoraVeiculo.Dominio", "LocadoraVeiculo.Dominio\LocadoraVeiculo.Dominio.csproj", "{FD32AF45-EF78-416A-B054-B4189D0168B7}"
EndProject
Project("{FAE04EC0-301F-11D3-BF4B-00C04F79EFBC}") = "LocadoraVeiculo.Controladores", "LocadoraVeiculo.Controladores\LocadoraVeiculo.Controladores.csproj", "{3BE78018-27C1-4F5D-8891-B57B6B1A3E4D}"
EndProject
Project("{00D1A9C2-B5F0-4AF3-8072-F6C62B433612}") = "LocadoraVeiculo.Database.SQLServer", "LocadoraVeiculo.Database.SQLServer\LocadoraVeiculo.Database.SQLServer.sqlproj", "{F2A7DB53-B317-4723-986F-A79712B82D16}"
EndProject
Project("{2150E333-8FDC-42A3-9474-1A3956D46DE8}") = "src", "src", "{C00DCF69-4627-455B-8907-2B659F2A723D}"
EndProject
Project("{FAE04EC0-301F-11D3-BF4B-00C04F79EFBC}") = "LocadoraVeiculo.Database.SQLite", "LocadoraVeiculo.Database.SQLite\LocadoraVeiculo.Database.SQLite.csproj", "{5AF28947-43D9-409E-BBD6-FB3790E5B635}"
EndProject
Project("{2150E333-8FDC-42A3-9474-1A3956D46DE8}") = "tests", "tests", "{E4DFEC0E-3083-44E0-90B2-F6EE2A1E01F1}"
EndProject
Project("{FAE04EC0-301F-11D3-BF4B-00C04F79EFBC}") = "LocadoraVeiculo.Tests", "LocadoraVeiculo.Tests\LocadoraVeiculo.Tests.csproj", "{005225C2-0632-46F4-AFF5-346708D8DAB3}"
EndProject
Project("{FAE04EC0-301F-11D3-BF4B-00C04F79EFBC}") = "LocadoraVeiculo.WindowsApp", "LocadoraVeiculo.WindowsApp\LocadoraVeiculo.WindowsApp.csproj", "{2B434C44-A704-4EFD-9FBC-55CC8F0022B0}"
EndProject
Global
	GlobalSection(SolutionConfigurationPlatforms) = preSolution
		Debug|Any CPU = Debug|Any CPU
		Release|Any CPU = Release|Any CPU
	EndGlobalSection
	GlobalSection(ProjectConfigurationPlatforms) = postSolution
		{FD32AF45-EF78-416A-B054-B4189D0168B7}.Debug|Any CPU.ActiveCfg = Debug|Any CPU
		{FD32AF45-EF78-416A-B054-B4189D0168B7}.Debug|Any CPU.Build.0 = Debug|Any CPU
		{FD32AF45-EF78-416A-B054-B4189D0168B7}.Release|Any CPU.ActiveCfg = Release|Any CPU
		{FD32AF45-EF78-416A-B054-B4189D0168B7}.Release|Any CPU.Build.0 = Release|Any CPU
		{3BE78018-27C1-4F5D-8891-B57B6B1A3E4D}.Debug|Any CPU.ActiveCfg = Debug|Any CPU
		{3BE78018-27C1-4F5D-8891-B57B6B1A3E4D}.Debug|Any CPU.Build.0 = Debug|Any CPU
		{3BE78018-27C1-4F5D-8891-B57B6B1A3E4D}.Release|Any CPU.ActiveCfg = Release|Any CPU
		{3BE78018-27C1-4F5D-8891-B57B6B1A3E4D}.Release|Any CPU.Build.0 = Release|Any CPU
		{F2A7DB53-B317-4723-986F-A79712B82D16}.Debug|Any CPU.ActiveCfg = Debug|Any CPU
		{F2A7DB53-B317-4723-986F-A79712B82D16}.Debug|Any CPU.Build.0 = Debug|Any CPU
		{F2A7DB53-B317-4723-986F-A79712B82D16}.Debug|Any CPU.Deploy.0 = Debug|Any CPU
		{F2A7DB53-B317-4723-986F-A79712B82D16}.Release|Any CPU.ActiveCfg = Release|Any CPU
		{F2A7DB53-B317-4723-986F-A79712B82D16}.Release|Any CPU.Build.0 = Release|Any CPU
		{F2A7DB53-B317-4723-986F-A79712B82D16}.Release|Any CPU.Deploy.0 = Release|Any CPU
		{5AF28947-43D9-409E-BBD6-FB3790E5B635}.Debug|Any CPU.ActiveCfg = Debug|Any CPU
		{5AF28947-43D9-409E-BBD6-FB3790E5B635}.Debug|Any CPU.Build.0 = Debug|Any CPU
		{5AF28947-43D9-409E-BBD6-FB3790E5B635}.Release|Any CPU.ActiveCfg = Release|Any CPU
		{5AF28947-43D9-409E-BBD6-FB3790E5B635}.Release|Any CPU.Build.0 = Release|Any CPU
		{005225C2-0632-46F4-AFF5-346708D8DAB3}.Debug|Any CPU.ActiveCfg = Debug|Any CPU
		{005225C2-0632-46F4-AFF5-346708D8DAB3}.Debug|Any CPU.Build.0 = Debug|Any CPU
		{005225C2-0632-46F4-AFF5-346708D8DAB3}.Release|Any CPU.ActiveCfg = Release|Any CPU
		{005225C2-0632-46F4-AFF5-346708D8DAB3}.Release|Any CPU.Build.0 = Release|Any CPU
		{2B434C44-A704-4EFD-9FBC-55CC8F0022B0}.Debug|Any CPU.ActiveCfg = Debug|Any CPU
		{2B434C44-A704-4EFD-9FBC-55CC8F0022B0}.Debug|Any CPU.Build.0 = Debug|Any CPU
		{2B434C44-A704-4EFD-9FBC-55CC8F0022B0}.Release|Any CPU.ActiveCfg = Release|Any CPU
		{2B434C44-A704-4EFD-9FBC-55CC8F0022B0}.Release|Any CPU.Build.0 = Release|Any CPU
	EndGlobalSection
	GlobalSection(SolutionProperties) = preSolution
		HideSolutionNode = FALSE
	EndGlobalSection
	GlobalSection(NestedProjects) = preSolution
		{FD32AF45-EF78-416A-B054-B4189D0168B7} = {C00DCF69-4627-455B-8907-2B659F2A723D}
		{3BE78018-27C1-4F5D-8891-B57B6B1A3E4D} = {C00DCF69-4627-455B-8907-2B659F2A723D}
		{F2A7DB53-B317-4723-986F-A79712B82D16} = {C00DCF69-4627-455B-8907-2B659F2A723D}
		{5AF28947-43D9-409E-BBD6-FB3790E5B635} = {C00DCF69-4627-455B-8907-2B659F2A723D}
		{005225C2-0632-46F4-AFF5-346708D8DAB3} = {E4DFEC0E-3083-44E0-90B2-F6EE2A1E01F1}
		{2B434C44-A704-4EFD-9FBC-55CC8F0022B0} = {C00DCF69-4627-455B-8907-2B659F2A723D}
	EndGlobalSection
	GlobalSection(ExtensibilityGlobals) = postSolution
		SolutionGuid = {CA30BD87-78E1-4FAA-B316-69D35BF837BC}
	EndGlobalSection
EndGlobal
