
Microsoft Visual Studio Solution File, Format Version 12.00
# Visual Studio Version 16
VisualStudioVersion = 16.0.31424.327
MinimumVisualStudioVersion = 10.0.40219.1
Project("{2150E333-8FDC-42A3-9474-1A3956D46DE8}") = "2. src", "2. src", "{C00DCF69-4627-455B-8907-2B659F2A723D}"
EndProject
Project("{2150E333-8FDC-42A3-9474-1A3956D46DE8}") = "3. tests", "3. tests", "{E4DFEC0E-3083-44E0-90B2-F6EE2A1E01F1}"
EndProject
Project("{9A19103F-16F7-4668-BE54-9A1E7A4F7556}") = "LocadoraVeiculo.WindowsApp", "LocadoraVeiculo.WindowsApp\LocadoraVeiculo.WindowsApp.csproj", "{2B434C44-A704-4EFD-9FBC-55CC8F0022B0}"
EndProject
Project("{00D1A9C2-B5F0-4AF3-8072-F6C62B433612}") = "LocadoraVeiculo.Database.SQLServer", "LocadoraVeiculo.Database.SQLServer\LocadoraVeiculo.Database.SQLServer.sqlproj", "{CB1FBEBD-5752-42A8-9A96-1FB5523D522C}"
EndProject
Project("{9A19103F-16F7-4668-BE54-9A1E7A4F7556}") = "LocadoraDeVeiculos.Infra.JsonConfig", "LocadoraDeVeiculos.AppConfig\LocadoraDeVeiculos.Infra.JsonConfig.csproj", "{B5880EA0-473B-48FA-BCAD-6DF010E3D515}"
EndProject
Project("{9A19103F-16F7-4668-BE54-9A1E7A4F7556}") = "LocadoraDeVeiculos.Infra.Combustivel", "LocadoraDeVeiculos.Combustivel\LocadoraDeVeiculos.Infra.Combustivel.csproj", "{8CFB620F-7C0C-40B7-A002-94CE66410F85}"
EndProject
Project("{9A19103F-16F7-4668-BE54-9A1E7A4F7556}") = "LocadoraDeVeiculos.Dominio", "LocadoraDeVeiculos.Dominio\LocadoraDeVeiculos.Dominio.csproj", "{7B827BF8-BA5B-43B4-A8C5-543EA6151913}"
EndProject
Project("{9A19103F-16F7-4668-BE54-9A1E7A4F7556}") = "LocadoraDeVeiculos.Infra.EmailLocadora", "LocadoraDeVeiculos.EmailLocadora\LocadoraDeVeiculos.Infra.EmailLocadora.csproj", "{C2084CA0-77DC-4D4F-896F-D5DCB5F686D5}"
EndProject
Project("{2150E333-8FDC-42A3-9474-1A3956D46DE8}") = "2.1 Apresentação", "2.1 Apresentação", "{4F45AB4D-E3C0-4762-9CEB-C6167D6991B4}"
EndProject
Project("{2150E333-8FDC-42A3-9474-1A3956D46DE8}") = "1. docs", "1. docs", "{406BFF8C-82E3-435D-AC74-46FF1B5A3AC3}"
EndProject
Project("{2150E333-8FDC-42A3-9474-1A3956D46DE8}") = "2.2 Aplicação", "2.2 Aplicação", "{73364894-8505-45D9-90E8-C941BC21501A}"
EndProject
Project("{2150E333-8FDC-42A3-9474-1A3956D46DE8}") = "2.3 Dominio", "2.3 Dominio", "{0E02D779-C924-4ED5-AFFE-739F5D9B97C7}"
EndProject
Project("{2150E333-8FDC-42A3-9474-1A3956D46DE8}") = "2.4 Infra", "2.4 Infra", "{32D36574-C253-4348-AE04-0B066837BCBD}"
EndProject
Project("{2150E333-8FDC-42A3-9474-1A3956D46DE8}") = "2.5 Banco de Dados", "2.5 Banco de Dados", "{C21B3842-ABDA-4AC0-8521-35CDE94D9250}"
EndProject
Project("{9A19103F-16F7-4668-BE54-9A1E7A4F7556}") = "LocadoraDeVeiculos.Aplicacao", "LocadoraDeVeiculos.Aplicacao\LocadoraDeVeiculos.Aplicacao.csproj", "{89D9A99C-7CC6-4D26-8D26-0AC82F6563BC}"
EndProject
Project("{2150E333-8FDC-42A3-9474-1A3956D46DE8}") = "4.1 DAO", "4.1 DAO", "{5EFBD6C4-58E7-44EE-83BF-D451C4F159EF}"
EndProject
Project("{9A19103F-16F7-4668-BE54-9A1E7A4F7556}") = "LocadoraDeVeiculos.Infra.ORM", "LocadoraDeVeiculos.Infra.ORM\LocadoraDeVeiculos.Infra.ORM.csproj", "{562C1B67-BFEC-4A60-87BB-24D5E3BBDC38}"
EndProject
Project("{2150E333-8FDC-42A3-9474-1A3956D46DE8}") = "4.2 External Services", "4.2 External Services", "{3A8E2F2B-131A-452D-9F19-AE0DCFB89086}"
EndProject
Project("{9A19103F-16F7-4668-BE54-9A1E7A4F7556}") = "LocadoraDeVeiculos.Infra.InternetServices", "LocadoraDeVeiculos.Infra.InternetServices\LocadoraDeVeiculos.Infra.InternetServices.csproj", "{CF3F53FD-2C78-4EBC-9F2C-F009F1688D5C}"
EndProject
Project("{2150E333-8FDC-42A3-9474-1A3956D46DE8}") = "4.3 PDF", "4.3 PDF", "{45A72FA2-2DF3-4B27-BB29-B5DABC6466A3}"
EndProject
Project("{9A19103F-16F7-4668-BE54-9A1E7A4F7556}") = "LocadoraDeVeiculos.Infra.ReciboPDF", "LocadoraDeVeiculos.Infra.PDF\LocadoraDeVeiculos.Infra.ReciboPDF.csproj", "{5A85A38F-4A40-4B15-8B0F-63D0CC6322A7}"
EndProject
Project("{2150E333-8FDC-42A3-9474-1A3956D46DE8}") = "4.4 Extension Methods", "4.4 Extension Methods", "{FFB21922-BBC8-497E-BDCE-F2F69E42645B}"
EndProject
Project("{9A19103F-16F7-4668-BE54-9A1E7A4F7556}") = "LocadoraDeVeiculos.Infra.ExtensionMethods", "LocadoraDeVeiculos.Infra.ExtensionMethods\LocadoraDeVeiculos.Infra.ExtensionMethods.csproj", "{A95ED246-8A5A-40C6-93DC-1A59A01E021A}"
EndProject
Project("{2150E333-8FDC-42A3-9474-1A3956D46DE8}") = "4.5 Config Methods", "4.5 Config Methods", "{10FFA5E5-4BFE-46D9-A6D6-B6F092DB5FD0}"
EndProject
Project("{2150E333-8FDC-42A3-9474-1A3956D46DE8}") = "3.1 UnitTests", "3.1 UnitTests", "{6610424C-E7A0-43BB-9468-AE97C76D7540}"
EndProject
Project("{2150E333-8FDC-42A3-9474-1A3956D46DE8}") = "3.2 IntegrationTests", "3.2 IntegrationTests", "{DED4C29D-A404-44E3-9CC5-A004BFD418E8}"
EndProject
Project("{2150E333-8FDC-42A3-9474-1A3956D46DE8}") = "3.3 AppServiceTests", "3.3 AppServiceTests", "{6D2ED27B-E6F7-4DE7-87A6-92E9AA1088D9}"
EndProject
Project("{9A19103F-16F7-4668-BE54-9A1E7A4F7556}") = "LocadoraDeVeiculos.UnitTests", "LocadoraDeVeiculos.UnitTests\LocadoraDeVeiculos.UnitTests.csproj", "{0651A897-F3B6-4B8A-A2EF-9C5F56EDE456}"
EndProject
Project("{9A19103F-16F7-4668-BE54-9A1E7A4F7556}") = "LocadoraDeVeiculos.IntegrationTests", "LocadoraDeVeiculos.IntegrationTests\LocadoraDeVeiculos.IntegrationTests.csproj", "{3AD4B569-4308-4CE6-A088-28ED0D6F7B4B}"
EndProject
Project("{9A19103F-16F7-4668-BE54-9A1E7A4F7556}") = "LocadoraDeVeiculos.AppServiceTests", "LocadoraDeVeiculos.AppServiceTests\LocadoraDeVeiculos.AppServiceTests.csproj", "{670352FB-0F13-4D91-806E-97A607D97687}"
EndProject
Project("{2150E333-8FDC-42A3-9474-1A3956D46DE8}") = "3.4 DataBuilders", "3.4 DataBuilders", "{D2F9D171-253D-48E9-8E15-CFE618F6945D}"
EndProject
Project("{9A19103F-16F7-4668-BE54-9A1E7A4F7556}") = "LocadoraDeVeiculos.DataBuildersTest", "LocadoraDeVeiculos.DataBuildersTest\LocadoraDeVeiculos.DataBuildersTest.csproj", "{25111F61-1CD6-4CAF-97AD-6EAA8FA25FA0}"
EndProject
Project("{2150E333-8FDC-42A3-9474-1A3956D46DE8}") = "4.6 Logger", "4.6 Logger", "{17C40ED1-1EF0-4505-A239-01E1C5F39E7F}"
EndProject
Project("{FAE04EC0-301F-11D3-BF4B-00C04F79EFBC}") = "LocadoraDeVeiculos.Infra.Logger", "LocadoraDeVeiculos.Infra.Logger\LocadoraDeVeiculos.Infra.Logger.csproj", "{9EA154B3-CB65-409C-A04D-9197167E0774}"
EndProject
Global
	GlobalSection(SolutionConfigurationPlatforms) = preSolution
		Debug|Any CPU = Debug|Any CPU
		Release|Any CPU = Release|Any CPU
	EndGlobalSection
	GlobalSection(ProjectConfigurationPlatforms) = postSolution
		{2B434C44-A704-4EFD-9FBC-55CC8F0022B0}.Debug|Any CPU.ActiveCfg = Debug|Any CPU
		{2B434C44-A704-4EFD-9FBC-55CC8F0022B0}.Debug|Any CPU.Build.0 = Debug|Any CPU
		{2B434C44-A704-4EFD-9FBC-55CC8F0022B0}.Release|Any CPU.ActiveCfg = Release|Any CPU
		{2B434C44-A704-4EFD-9FBC-55CC8F0022B0}.Release|Any CPU.Build.0 = Release|Any CPU
		{CB1FBEBD-5752-42A8-9A96-1FB5523D522C}.Debug|Any CPU.ActiveCfg = Debug|Any CPU
		{CB1FBEBD-5752-42A8-9A96-1FB5523D522C}.Debug|Any CPU.Build.0 = Debug|Any CPU
		{CB1FBEBD-5752-42A8-9A96-1FB5523D522C}.Debug|Any CPU.Deploy.0 = Debug|Any CPU
		{CB1FBEBD-5752-42A8-9A96-1FB5523D522C}.Release|Any CPU.ActiveCfg = Release|Any CPU
		{CB1FBEBD-5752-42A8-9A96-1FB5523D522C}.Release|Any CPU.Build.0 = Release|Any CPU
		{CB1FBEBD-5752-42A8-9A96-1FB5523D522C}.Release|Any CPU.Deploy.0 = Release|Any CPU
		{B5880EA0-473B-48FA-BCAD-6DF010E3D515}.Debug|Any CPU.ActiveCfg = Debug|Any CPU
		{B5880EA0-473B-48FA-BCAD-6DF010E3D515}.Debug|Any CPU.Build.0 = Debug|Any CPU
		{B5880EA0-473B-48FA-BCAD-6DF010E3D515}.Release|Any CPU.ActiveCfg = Release|Any CPU
		{B5880EA0-473B-48FA-BCAD-6DF010E3D515}.Release|Any CPU.Build.0 = Release|Any CPU
		{8CFB620F-7C0C-40B7-A002-94CE66410F85}.Debug|Any CPU.ActiveCfg = Debug|Any CPU
		{8CFB620F-7C0C-40B7-A002-94CE66410F85}.Debug|Any CPU.Build.0 = Debug|Any CPU
		{8CFB620F-7C0C-40B7-A002-94CE66410F85}.Release|Any CPU.ActiveCfg = Release|Any CPU
		{8CFB620F-7C0C-40B7-A002-94CE66410F85}.Release|Any CPU.Build.0 = Release|Any CPU
		{7B827BF8-BA5B-43B4-A8C5-543EA6151913}.Debug|Any CPU.ActiveCfg = Debug|Any CPU
		{7B827BF8-BA5B-43B4-A8C5-543EA6151913}.Debug|Any CPU.Build.0 = Debug|Any CPU
		{7B827BF8-BA5B-43B4-A8C5-543EA6151913}.Release|Any CPU.ActiveCfg = Release|Any CPU
		{7B827BF8-BA5B-43B4-A8C5-543EA6151913}.Release|Any CPU.Build.0 = Release|Any CPU
		{C2084CA0-77DC-4D4F-896F-D5DCB5F686D5}.Debug|Any CPU.ActiveCfg = Debug|Any CPU
		{C2084CA0-77DC-4D4F-896F-D5DCB5F686D5}.Debug|Any CPU.Build.0 = Debug|Any CPU
		{C2084CA0-77DC-4D4F-896F-D5DCB5F686D5}.Release|Any CPU.ActiveCfg = Release|Any CPU
		{C2084CA0-77DC-4D4F-896F-D5DCB5F686D5}.Release|Any CPU.Build.0 = Release|Any CPU
		{89D9A99C-7CC6-4D26-8D26-0AC82F6563BC}.Debug|Any CPU.ActiveCfg = Debug|Any CPU
		{89D9A99C-7CC6-4D26-8D26-0AC82F6563BC}.Debug|Any CPU.Build.0 = Debug|Any CPU
		{89D9A99C-7CC6-4D26-8D26-0AC82F6563BC}.Release|Any CPU.ActiveCfg = Release|Any CPU
		{89D9A99C-7CC6-4D26-8D26-0AC82F6563BC}.Release|Any CPU.Build.0 = Release|Any CPU
		{562C1B67-BFEC-4A60-87BB-24D5E3BBDC38}.Debug|Any CPU.ActiveCfg = Debug|Any CPU
		{562C1B67-BFEC-4A60-87BB-24D5E3BBDC38}.Debug|Any CPU.Build.0 = Debug|Any CPU
		{562C1B67-BFEC-4A60-87BB-24D5E3BBDC38}.Release|Any CPU.ActiveCfg = Release|Any CPU
		{562C1B67-BFEC-4A60-87BB-24D5E3BBDC38}.Release|Any CPU.Build.0 = Release|Any CPU
		{CF3F53FD-2C78-4EBC-9F2C-F009F1688D5C}.Debug|Any CPU.ActiveCfg = Debug|Any CPU
		{CF3F53FD-2C78-4EBC-9F2C-F009F1688D5C}.Debug|Any CPU.Build.0 = Debug|Any CPU
		{CF3F53FD-2C78-4EBC-9F2C-F009F1688D5C}.Release|Any CPU.ActiveCfg = Release|Any CPU
		{CF3F53FD-2C78-4EBC-9F2C-F009F1688D5C}.Release|Any CPU.Build.0 = Release|Any CPU
		{5A85A38F-4A40-4B15-8B0F-63D0CC6322A7}.Debug|Any CPU.ActiveCfg = Debug|Any CPU
		{5A85A38F-4A40-4B15-8B0F-63D0CC6322A7}.Debug|Any CPU.Build.0 = Debug|Any CPU
		{5A85A38F-4A40-4B15-8B0F-63D0CC6322A7}.Release|Any CPU.ActiveCfg = Release|Any CPU
		{5A85A38F-4A40-4B15-8B0F-63D0CC6322A7}.Release|Any CPU.Build.0 = Release|Any CPU
		{A95ED246-8A5A-40C6-93DC-1A59A01E021A}.Debug|Any CPU.ActiveCfg = Debug|Any CPU
		{A95ED246-8A5A-40C6-93DC-1A59A01E021A}.Debug|Any CPU.Build.0 = Debug|Any CPU
		{A95ED246-8A5A-40C6-93DC-1A59A01E021A}.Release|Any CPU.ActiveCfg = Release|Any CPU
		{A95ED246-8A5A-40C6-93DC-1A59A01E021A}.Release|Any CPU.Build.0 = Release|Any CPU
		{0651A897-F3B6-4B8A-A2EF-9C5F56EDE456}.Debug|Any CPU.ActiveCfg = Debug|Any CPU
		{0651A897-F3B6-4B8A-A2EF-9C5F56EDE456}.Debug|Any CPU.Build.0 = Debug|Any CPU
		{0651A897-F3B6-4B8A-A2EF-9C5F56EDE456}.Release|Any CPU.ActiveCfg = Release|Any CPU
		{0651A897-F3B6-4B8A-A2EF-9C5F56EDE456}.Release|Any CPU.Build.0 = Release|Any CPU
		{3AD4B569-4308-4CE6-A088-28ED0D6F7B4B}.Debug|Any CPU.ActiveCfg = Debug|Any CPU
		{3AD4B569-4308-4CE6-A088-28ED0D6F7B4B}.Debug|Any CPU.Build.0 = Debug|Any CPU
		{3AD4B569-4308-4CE6-A088-28ED0D6F7B4B}.Release|Any CPU.ActiveCfg = Release|Any CPU
		{3AD4B569-4308-4CE6-A088-28ED0D6F7B4B}.Release|Any CPU.Build.0 = Release|Any CPU
		{670352FB-0F13-4D91-806E-97A607D97687}.Debug|Any CPU.ActiveCfg = Debug|Any CPU
		{670352FB-0F13-4D91-806E-97A607D97687}.Debug|Any CPU.Build.0 = Debug|Any CPU
		{670352FB-0F13-4D91-806E-97A607D97687}.Release|Any CPU.ActiveCfg = Release|Any CPU
		{670352FB-0F13-4D91-806E-97A607D97687}.Release|Any CPU.Build.0 = Release|Any CPU
		{25111F61-1CD6-4CAF-97AD-6EAA8FA25FA0}.Debug|Any CPU.ActiveCfg = Debug|Any CPU
		{25111F61-1CD6-4CAF-97AD-6EAA8FA25FA0}.Debug|Any CPU.Build.0 = Debug|Any CPU
		{25111F61-1CD6-4CAF-97AD-6EAA8FA25FA0}.Release|Any CPU.ActiveCfg = Release|Any CPU
		{25111F61-1CD6-4CAF-97AD-6EAA8FA25FA0}.Release|Any CPU.Build.0 = Release|Any CPU
		{9EA154B3-CB65-409C-A04D-9197167E0774}.Debug|Any CPU.ActiveCfg = Debug|Any CPU
		{9EA154B3-CB65-409C-A04D-9197167E0774}.Debug|Any CPU.Build.0 = Debug|Any CPU
		{9EA154B3-CB65-409C-A04D-9197167E0774}.Release|Any CPU.ActiveCfg = Release|Any CPU
		{9EA154B3-CB65-409C-A04D-9197167E0774}.Release|Any CPU.Build.0 = Release|Any CPU
	EndGlobalSection
	GlobalSection(SolutionProperties) = preSolution
		HideSolutionNode = FALSE
	EndGlobalSection
	GlobalSection(NestedProjects) = preSolution
		{2B434C44-A704-4EFD-9FBC-55CC8F0022B0} = {4F45AB4D-E3C0-4762-9CEB-C6167D6991B4}
		{CB1FBEBD-5752-42A8-9A96-1FB5523D522C} = {C21B3842-ABDA-4AC0-8521-35CDE94D9250}
		{B5880EA0-473B-48FA-BCAD-6DF010E3D515} = {10FFA5E5-4BFE-46D9-A6D6-B6F092DB5FD0}
		{8CFB620F-7C0C-40B7-A002-94CE66410F85} = {10FFA5E5-4BFE-46D9-A6D6-B6F092DB5FD0}
		{7B827BF8-BA5B-43B4-A8C5-543EA6151913} = {0E02D779-C924-4ED5-AFFE-739F5D9B97C7}
		{C2084CA0-77DC-4D4F-896F-D5DCB5F686D5} = {10FFA5E5-4BFE-46D9-A6D6-B6F092DB5FD0}
		{4F45AB4D-E3C0-4762-9CEB-C6167D6991B4} = {C00DCF69-4627-455B-8907-2B659F2A723D}
		{73364894-8505-45D9-90E8-C941BC21501A} = {C00DCF69-4627-455B-8907-2B659F2A723D}
		{0E02D779-C924-4ED5-AFFE-739F5D9B97C7} = {C00DCF69-4627-455B-8907-2B659F2A723D}
		{32D36574-C253-4348-AE04-0B066837BCBD} = {C00DCF69-4627-455B-8907-2B659F2A723D}
		{C21B3842-ABDA-4AC0-8521-35CDE94D9250} = {C00DCF69-4627-455B-8907-2B659F2A723D}
		{89D9A99C-7CC6-4D26-8D26-0AC82F6563BC} = {73364894-8505-45D9-90E8-C941BC21501A}
		{5EFBD6C4-58E7-44EE-83BF-D451C4F159EF} = {32D36574-C253-4348-AE04-0B066837BCBD}
		{562C1B67-BFEC-4A60-87BB-24D5E3BBDC38} = {5EFBD6C4-58E7-44EE-83BF-D451C4F159EF}
		{3A8E2F2B-131A-452D-9F19-AE0DCFB89086} = {32D36574-C253-4348-AE04-0B066837BCBD}
		{CF3F53FD-2C78-4EBC-9F2C-F009F1688D5C} = {3A8E2F2B-131A-452D-9F19-AE0DCFB89086}
		{45A72FA2-2DF3-4B27-BB29-B5DABC6466A3} = {32D36574-C253-4348-AE04-0B066837BCBD}
		{5A85A38F-4A40-4B15-8B0F-63D0CC6322A7} = {45A72FA2-2DF3-4B27-BB29-B5DABC6466A3}
		{FFB21922-BBC8-497E-BDCE-F2F69E42645B} = {32D36574-C253-4348-AE04-0B066837BCBD}
		{A95ED246-8A5A-40C6-93DC-1A59A01E021A} = {FFB21922-BBC8-497E-BDCE-F2F69E42645B}
		{10FFA5E5-4BFE-46D9-A6D6-B6F092DB5FD0} = {32D36574-C253-4348-AE04-0B066837BCBD}
		{6610424C-E7A0-43BB-9468-AE97C76D7540} = {E4DFEC0E-3083-44E0-90B2-F6EE2A1E01F1}
		{DED4C29D-A404-44E3-9CC5-A004BFD418E8} = {E4DFEC0E-3083-44E0-90B2-F6EE2A1E01F1}
		{6D2ED27B-E6F7-4DE7-87A6-92E9AA1088D9} = {E4DFEC0E-3083-44E0-90B2-F6EE2A1E01F1}
		{0651A897-F3B6-4B8A-A2EF-9C5F56EDE456} = {6610424C-E7A0-43BB-9468-AE97C76D7540}
		{3AD4B569-4308-4CE6-A088-28ED0D6F7B4B} = {DED4C29D-A404-44E3-9CC5-A004BFD418E8}
		{670352FB-0F13-4D91-806E-97A607D97687} = {6D2ED27B-E6F7-4DE7-87A6-92E9AA1088D9}
		{D2F9D171-253D-48E9-8E15-CFE618F6945D} = {E4DFEC0E-3083-44E0-90B2-F6EE2A1E01F1}
		{25111F61-1CD6-4CAF-97AD-6EAA8FA25FA0} = {D2F9D171-253D-48E9-8E15-CFE618F6945D}
		{17C40ED1-1EF0-4505-A239-01E1C5F39E7F} = {32D36574-C253-4348-AE04-0B066837BCBD}
		{9EA154B3-CB65-409C-A04D-9197167E0774} = {17C40ED1-1EF0-4505-A239-01E1C5F39E7F}
	EndGlobalSection
	GlobalSection(ExtensibilityGlobals) = postSolution
		SolutionGuid = {CA30BD87-78E1-4FAA-B316-69D35BF837BC}
	EndGlobalSection
EndGlobal
